
Microsoft Visual Studio Solution File, Format Version 12.00
# Visual Studio Version 16
VisualStudioVersion = 16.0.31321.278
MinimumVisualStudioVersion = 10.0.40219.1
Project("{9A19103F-16F7-4668-BE54-9A1E7A4F7556}") = "ML-Heart-Desease", "ML-Heart-Desease.csproj", "{26ED4437-FDCD-464C-B391-BC2AA8879735}"
EndProject
Global
	GlobalSection(SolutionConfigurationPlatforms) = preSolution
		Debug|Any CPU = Debug|Any CPU
		Release|Any CPU = Release|Any CPU
	EndGlobalSection
	GlobalSection(ProjectConfigurationPlatforms) = postSolution
		{26ED4437-FDCD-464C-B391-BC2AA8879735}.Debug|Any CPU.ActiveCfg = Debug|Any CPU
		{26ED4437-FDCD-464C-B391-BC2AA8879735}.Debug|Any CPU.Build.0 = Debug|Any CPU
		{26ED4437-FDCD-464C-B391-BC2AA8879735}.Release|Any CPU.ActiveCfg = Release|Any CPU
		{26ED4437-FDCD-464C-B391-BC2AA8879735}.Release|Any CPU.Build.0 = Release|Any CPU
	EndGlobalSection
	GlobalSection(SolutionProperties) = preSolution
		HideSolutionNode = FALSE
	EndGlobalSection
	GlobalSection(ExtensibilityGlobals) = postSolution
		SolutionGuid = {2FD5232C-FA39-4D46-BA3E-6E343549E346}
	EndGlobalSection
EndGlobal
